
Microsoft Visual Studio Solution File, Format Version 12.00
# Visual Studio Version 16
VisualStudioVersion = 16.0.30503.244
MinimumVisualStudioVersion = 10.0.40219.1
Project("{FAE04EC0-301F-11D3-BF4B-00C04F79EFBC}") = "butik", "butik\butik.csproj", "{49584582-0605-49DA-BE86-52D71D15C46B}"
EndProject
Global
	GlobalSection(SolutionConfigurationPlatforms) = preSolution
		Debug|Any CPU = Debug|Any CPU
		Release|Any CPU = Release|Any CPU
	EndGlobalSection
	GlobalSection(ProjectConfigurationPlatforms) = postSolution
		{49584582-0605-49DA-BE86-52D71D15C46B}.Debug|Any CPU.ActiveCfg = Debug|Any CPU
		{49584582-0605-49DA-BE86-52D71D15C46B}.Debug|Any CPU.Build.0 = Debug|Any CPU
		{49584582-0605-49DA-BE86-52D71D15C46B}.Release|Any CPU.ActiveCfg = Release|Any CPU
		{49584582-0605-49DA-BE86-52D71D15C46B}.Release|Any CPU.Build.0 = Release|Any CPU
	EndGlobalSection
	GlobalSection(SolutionProperties) = preSolution
		HideSolutionNode = FALSE
	EndGlobalSection
	GlobalSection(ExtensibilityGlobals) = postSolution
		SolutionGuid = {7366658F-66A7-4B99-A22A-E098FB1C9B00}
	EndGlobalSection
EndGlobal
